// !$*UTF8*$!
{
	archiveVersion = 1;
	classes = {
	};
	objectVersion = 50;
	objects = {

/* Begin PBXBuildFile section */
		97715CC7236FC00100325DEB /* AppDelegate.swift in Sources */ = {isa = PBXBuildFile; fileRef = 97715CC6236FC00100325DEB /* AppDelegate.swift */; };
		97715CC9236FC00100325DEB /* SceneDelegate.swift in Sources */ = {isa = PBXBuildFile; fileRef = 97715CC8236FC00100325DEB /* SceneDelegate.swift */; };
		97715CCB236FC00100325DEB /* ChecklistViewController.swift in Sources */ = {isa = PBXBuildFile; fileRef = 97715CCA236FC00100325DEB /* ChecklistViewController.swift */; };
		97715CCE236FC00100325DEB /* Main.storyboard in Resources */ = {isa = PBXBuildFile; fileRef = 97715CCC236FC00100325DEB /* Main.storyboard */; };
		97715CD0236FC00300325DEB /* Assets.xcassets in Resources */ = {isa = PBXBuildFile; fileRef = 97715CCF236FC00300325DEB /* Assets.xcassets */; };
		97715CD3236FC00300325DEB /* LaunchScreen.storyboard in Resources */ = {isa = PBXBuildFile; fileRef = 97715CD1236FC00300325DEB /* LaunchScreen.storyboard */; };
		97715CDB2371301A00325DEB /* Checklistitem.swift in Sources */ = {isa = PBXBuildFile; fileRef = 97715CDA2371301A00325DEB /* Checklistitem.swift */; };
		97715CDD23713A4100325DEB /* TodoList.swift in Sources */ = {isa = PBXBuildFile; fileRef = 97715CDC23713A4100325DEB /* TodoList.swift */; };
		97715CDF2373DE5F00325DEB /* AddItemTableViewController.swift in Sources */ = {isa = PBXBuildFile; fileRef = 97715CDE2373DE5F00325DEB /* AddItemTableViewController.swift */; };
/* End PBXBuildFile section */

/* Begin PBXFileReference section */
		97715CC3236FC00100325DEB /* Checklist.app */ = {isa = PBXFileReference; explicitFileType = wrapper.application; includeInIndex = 0; path = Checklist.app; sourceTree = BUILT_PRODUCTS_DIR; };
		97715CC6236FC00100325DEB /* AppDelegate.swift */ = {isa = PBXFileReference; lastKnownFileType = sourcecode.swift; path = AppDelegate.swift; sourceTree = "<group>"; };
		97715CC8236FC00100325DEB /* SceneDelegate.swift */ = {isa = PBXFileReference; lastKnownFileType = sourcecode.swift; path = SceneDelegate.swift; sourceTree = "<group>"; };
		97715CCA236FC00100325DEB /* ChecklistViewController.swift */ = {isa = PBXFileReference; lastKnownFileType = sourcecode.swift; path = ChecklistViewController.swift; sourceTree = "<group>"; };
		97715CCD236FC00100325DEB /* Base */ = {isa = PBXFileReference; lastKnownFileType = file.storyboard; name = Base; path = Base.lproj/Main.storyboard; sourceTree = "<group>"; };
		97715CCF236FC00300325DEB /* Assets.xcassets */ = {isa = PBXFileReference; lastKnownFileType = folder.assetcatalog; path = Assets.xcassets; sourceTree = "<group>"; };
		97715CD2236FC00300325DEB /* Base */ = {isa = PBXFileReference; lastKnownFileType = file.storyboard; name = Base; path = Base.lproj/LaunchScreen.storyboard; sourceTree = "<group>"; };
		97715CD4236FC00300325DEB /* Info.plist */ = {isa = PBXFileReference; lastKnownFileType = text.plist.xml; path = Info.plist; sourceTree = "<group>"; };
		97715CDA2371301A00325DEB /* Checklistitem.swift */ = {isa = PBXFileReference; lastKnownFileType = sourcecode.swift; path = Checklistitem.swift; sourceTree = "<group>"; };
		97715CDC23713A4100325DEB /* TodoList.swift */ = {isa = PBXFileReference; lastKnownFileType = sourcecode.swift; path = TodoList.swift; sourceTree = "<group>"; };
		97715CDE2373DE5F00325DEB /* AddItemTableViewController.swift */ = {isa = PBXFileReference; lastKnownFileType = sourcecode.swift; path = AddItemTableViewController.swift; sourceTree = "<group>"; };
/* End PBXFileReference section */

/* Begin PBXFrameworksBuildPhase section */
		97715CC0236FC00100325DEB /* Frameworks */ = {
			isa = PBXFrameworksBuildPhase;
			buildActionMask = 2147483647;
			files = (
			);
			runOnlyForDeploymentPostprocessing = 0;
		};
/* End PBXFrameworksBuildPhase section */

/* Begin PBXGroup section */
		97715CBA236FC00100325DEB = {
			isa = PBXGroup;
			children = (
				97715CC5236FC00100325DEB /* Checklist */,
				97715CC4236FC00100325DEB /* Products */,
			);
			sourceTree = "<group>";
		};
		97715CC4236FC00100325DEB /* Products */ = {
			isa = PBXGroup;
			children = (
				97715CC3236FC00100325DEB /* Checklist.app */,
			);
			name = Products;
			sourceTree = "<group>";
		};
		97715CC5236FC00100325DEB /* Checklist */ = {
			isa = PBXGroup;
			children = (
				97715CC6236FC00100325DEB /* AppDelegate.swift */,
				97715CC8236FC00100325DEB /* SceneDelegate.swift */,
				97715CCA236FC00100325DEB /* ChecklistViewController.swift */,
				97715CCC236FC00100325DEB /* Main.storyboard */,
				97715CCF236FC00300325DEB /* Assets.xcassets */,
				97715CD1236FC00300325DEB /* LaunchScreen.storyboard */,
				97715CD4236FC00300325DEB /* Info.plist */,
				97715CDA2371301A00325DEB /* Checklistitem.swift */,
				97715CDC23713A4100325DEB /* TodoList.swift */,
				97715CDE2373DE5F00325DEB /* AddItemTableViewController.swift */,
			);
			path = Checklist;
			sourceTree = "<group>";
		};
/* End PBXGroup section */

/* Begin PBXNativeTarget section */
		97715CC2236FC00100325DEB /* Checklist */ = {
			isa = PBXNativeTarget;
			buildConfigurationList = 97715CD7236FC00300325DEB /* Build configuration list for PBXNativeTarget "Checklist" */;
			buildPhases = (
				97715CBF236FC00100325DEB /* Sources */,
				97715CC0236FC00100325DEB /* Frameworks */,
				97715CC1236FC00100325DEB /* Resources */,
			);
			buildRules = (
			);
			dependencies = (
			);
			name = Checklist;
			productName = Checklist;
			productReference = 97715CC3236FC00100325DEB /* Checklist.app */;
			productType = "com.apple.product-type.application";
		};
/* End PBXNativeTarget section */

/* Begin PBXProject section */
		97715CBB236FC00100325DEB /* Project object */ = {
			isa = PBXProject;
			attributes = {
				LastSwiftUpdateCheck = 1110;
				LastUpgradeCheck = 1110;
				ORGANIZATIONNAME = "Chantal Demissie";
				TargetAttributes = {
					97715CC2236FC00100325DEB = {
						CreatedOnToolsVersion = 11.1;
					};
				};
			};
			buildConfigurationList = 97715CBE236FC00100325DEB /* Build configuration list for PBXProject "Checklist" */;
			compatibilityVersion = "Xcode 9.3";
			developmentRegion = en;
			hasScannedForEncodings = 0;
			knownRegions = (
				en,
				Base,
			);
			mainGroup = 97715CBA236FC00100325DEB;
			productRefGroup = 97715CC4236FC00100325DEB /* Products */;
			projectDirPath = "";
			projectRoot = "";
			targets = (
				97715CC2236FC00100325DEB /* Checklist */,
			);
		};
/* End PBXProject section */

/* Begin PBXResourcesBuildPhase section */
		97715CC1236FC00100325DEB /* Resources */ = {
			isa = PBXResourcesBuildPhase;
			buildActionMask = 2147483647;
			files = (
				97715CD3236FC00300325DEB /* LaunchScreen.storyboard in Resources */,
				97715CD0236FC00300325DEB /* Assets.xcassets in Resources */,
				97715CCE236FC00100325DEB /* Main.storyboard in Resources */,
			);
			runOnlyForDeploymentPostprocessing = 0;
		};
/* End PBXResourcesBuildPhase section */

/* Begin PBXSourcesBuildPhase section */
		97715CBF236FC00100325DEB /* Sources */ = {
			isa = PBXSourcesBuildPhase;
			buildActionMask = 2147483647;
			files = (
				97715CDD23713A4100325DEB /* TodoList.swift in Sources */,
				97715CCB236FC00100325DEB /* ChecklistViewController.swift in Sources */,
				97715CDF2373DE5F00325DEB /* AddItemTableViewController.swift in Sources */,
				97715CC7236FC00100325DEB /* AppDelegate.swift in Sources */,
				97715CC9236FC00100325DEB /* SceneDelegate.swift in Sources */,
				97715CDB2371301A00325DEB /* Checklistitem.swift in Sources */,
			);
			runOnlyForDeploymentPostprocessing = 0;
		};
/* End PBXSourcesBuildPhase section */

/* Begin PBXVariantGroup section */
		97715CCC236FC00100325DEB /* Main.storyboard */ = {
			isa = PBXVariantGroup;
			children = (
				97715CCD236FC00100325DEB /* Base */,
			);
			name = Main.storyboard;
			sourceTree = "<group>";
		};
		97715CD1236FC00300325DEB /* LaunchScreen.storyboard */ = {
			isa = PBXVariantGroup;
			children = (
				97715CD2236FC00300325DEB /* Base */,
			);
			name = LaunchScreen.storyboard;
			sourceTree = "<group>";
		};
/* End PBXVariantGroup section */

/* Begin XCBuildConfiguration section */
		97715CD5236FC00300325DEB /* Debug */ = {
			isa = XCBuildConfiguration;
			buildSettings = {
				ALWAYS_SEARCH_USER_PATHS = NO;
				CLANG_ANALYZER_NONNULL = YES;
				CLANG_ANALYZER_NUMBER_OBJECT_CONVERSION = YES_AGGRESSIVE;
				CLANG_CXX_LANGUAGE_STANDARD = "gnu++14";
				CLANG_CXX_LIBRARY = "libc++";
				CLANG_ENABLE_MODULES = YES;
				CLANG_ENABLE_OBJC_ARC = YES;
				CLANG_ENABLE_OBJC_WEAK = YES;
				CLANG_WARN_BLOCK_CAPTURE_AUTORELEASING = YES;
				CLANG_WARN_BOOL_CONVERSION = YES;
				CLANG_WARN_COMMA = YES;
				CLANG_WARN_CONSTANT_CONVERSION = YES;
				CLANG_WARN_DEPRECATED_OBJC_IMPLEMENTATIONS = YES;
				CLANG_WARN_DIRECT_OBJC_ISA_USAGE = YES_ERROR;
				CLANG_WARN_DOCUMENTATION_COMMENTS = YES;
				CLANG_WARN_EMPTY_BODY = YES;
				CLANG_WARN_ENUM_CONVERSION = YES;
				CLANG_WARN_INFINITE_RECURSION = YES;
				CLANG_WARN_INT_CONVERSION = YES;
				CLANG_WARN_NON_LITERAL_NULL_CONVERSION = YES;
				CLANG_WARN_OBJC_IMPLICIT_RETAIN_SELF = YES;
				CLANG_WARN_OBJC_LITERAL_CONVERSION = YES;
				CLANG_WARN_OBJC_ROOT_CLASS = YES_ERROR;
				CLANG_WARN_RANGE_LOOP_ANALYSIS = YES;
				CLANG_WARN_STRICT_PROTOTYPES = YES;
				CLANG_WARN_SUSPICIOUS_MOVE = YES;
				CLANG_WARN_UNGUARDED_AVAILABILITY = YES_AGGRESSIVE;
				CLANG_WARN_UNREACHABLE_CODE = YES;
				CLANG_WARN__DUPLICATE_METHOD_MATCH = YES;
				COPY_PHASE_STRIP = NO;
				DEBUG_INFORMATION_FORMAT = dwarf;
				ENABLE_STRICT_OBJC_MSGSEND = YES;
				ENABLE_TESTABILITY = YES;
				GCC_C_LANGUAGE_STANDARD = gnu11;
				GCC_DYNAMIC_NO_PIC = NO;
				GCC_NO_COMMON_BLOCKS = YES;
				GCC_OPTIMIZATION_LEVEL = 0;
				GCC_PREPROCESSOR_DEFINITIONS = (
					"DEBUG=1",
					"$(inherited)",
				);
				GCC_WARN_64_TO_32_BIT_CONVERSION = YES;
				GCC_WARN_ABOUT_RETURN_TYPE = YES_ERROR;
				GCC_WARN_UNDECLARED_SELECTOR = YES;
				GCC_WARN_UNINITIALIZED_AUTOS = YES_AGGRESSIVE;
				GCC_WARN_UNUSED_FUNCTION = YES;
				GCC_WARN_UNUSED_VARIABLE = YES;
				IPHONEOS_DEPLOYMENT_TARGET = 13.1;
				MTL_ENABLE_DEBUG_INFO = INCLUDE_SOURCE;
				MTL_FAST_MATH = YES;
				ONLY_ACTIVE_ARCH = YES;
				SDKROOT = iphoneos;
				SWIFT_ACTIVE_COMPILATION_CONDITIONS = DEBUG;
				SWIFT_OPTIMIZATION_LEVEL = "-Onone";
			};
			name = Debug;
		};
		97715CD6236FC00300325DEB /* Release */ = {
			isa = XCBuildConfiguration;
			buildSettings = {
				ALWAYS_SEARCH_USER_PATHS = NO;
				CLANG_ANALYZER_NONNULL = YES;
				CLANG_ANALYZER_NUMBER_OBJECT_CONVERSION = YES_AGGRESSIVE;
				CLANG_CXX_LANGUAGE_STANDARD = "gnu++14";
				CLANG_CXX_LIBRARY = "libc++";
				CLANG_ENABLE_MODULES = YES;
				CLANG_ENABLE_OBJC_ARC = YES;
				CLANG_ENABLE_OBJC_WEAK = YES;
				CLANG_WARN_BLOCK_CAPTURE_AUTORELEASING = YES;
				CLANG_WARN_BOOL_CONVERSION = YES;
				CLANG_WARN_COMMA = YES;
				CLANG_WARN_CONSTANT_CONVERSION = YES;
				CLANG_WARN_DEPRECATED_OBJC_IMPLEMENTATIONS = YES;
				CLANG_WARN_DIRECT_OBJC_ISA_USAGE = YES_ERROR;
				CLANG_WARN_DOCUMENTATION_COMMENTS = YES;
				CLANG_WARN_EMPTY_BODY = YES;
				CLANG_WARN_ENUM_CONVERSION = YES;
				CLANG_WARN_INFINITE_RECURSION = YES;
				CLANG_WARN_INT_CONVERSION = YES;
				CLANG_WARN_NON_LITERAL_NULL_CONVERSION = YES;
				CLANG_WARN_OBJC_IMPLICIT_RETAIN_SELF = YES;
				CLANG_WARN_OBJC_LITERAL_CONVERSION = YES;
				CLANG_WARN_OBJC_ROOT_CLASS = YES_ERROR;
				CLANG_WARN_RANGE_LOOP_ANALYSIS = YES;
				CLANG_WARN_STRICT_PROTOTYPES = YES;
				CLANG_WARN_SUSPICIOUS_MOVE = YES;
				CLANG_WARN_UNGUARDED_AVAILABILITY = YES_AGGRESSIVE;
				CLANG_WARN_UNREACHABLE_CODE = YES;
				CLANG_WARN__DUPLICATE_METHOD_MATCH = YES;
				COPY_PHASE_STRIP = NO;
				DEBUG_INFORMATION_FORMAT = "dwarf-with-dsym";
				ENABLE_NS_ASSERTIONS = NO;
				ENABLE_STRICT_OBJC_MSGSEND = YES;
				GCC_C_LANGUAGE_STANDARD = gnu11;
				GCC_NO_COMMON_BLOCKS = YES;
				GCC_WARN_64_TO_32_BIT_CONVERSION = YES;
				GCC_WARN_ABOUT_RETURN_TYPE = YES_ERROR;
				GCC_WARN_UNDECLARED_SELECTOR = YES;
				GCC_WARN_UNINITIALIZED_AUTOS = YES_AGGRESSIVE;
				GCC_WARN_UNUSED_FUNCTION = YES;
				GCC_WARN_UNUSED_VARIABLE = YES;
				IPHONEOS_DEPLOYMENT_TARGET = 13.1;
				MTL_ENABLE_DEBUG_INFO = NO;
				MTL_FAST_MATH = YES;
				SDKROOT = iphoneos;
				SWIFT_COMPILATION_MODE = wholemodule;
				SWIFT_OPTIMIZATION_LEVEL = "-O";
				VALIDATE_PRODUCT = YES;
			};
			name = Release;
		};
		97715CD8236FC00300325DEB /* Debug */ = {
			isa = XCBuildConfiguration;
			buildSettings = {
				ASSETCATALOG_COMPILER_APPICON_NAME = AppIcon;
				CODE_SIGN_STYLE = Automatic;
				DEVELOPMENT_TEAM = 677RJGU3BM;
				INFOPLIST_FILE = Checklist/Info.plist;
				LD_RUNPATH_SEARCH_PATHS = (
					"$(inherited)",
					"@executable_path/Frameworks",
				);
				PRODUCT_BUNDLE_IDENTIFIER = com.chantal.Checklist;
				PRODUCT_NAME = "$(TARGET_NAME)";
				SWIFT_VERSION = 5.0;
				TARGETED_DEVICE_FAMILY = "1,2";
			};
			name = Debug;
		};
		97715CD9236FC00300325DEB /* Release */ = {
			isa = XCBuildConfiguration;
			buildSettings = {
				ASSETCATALOG_COMPILER_APPICON_NAME = AppIcon;
				CODE_SIGN_STYLE = Automatic;
				DEVELOPMENT_TEAM = 677RJGU3BM;
				INFOPLIST_FILE = Checklist/Info.plist;
				LD_RUNPATH_SEARCH_PATHS = (
					"$(inherited)",
					"@executable_path/Frameworks",
				);
				PRODUCT_BUNDLE_IDENTIFIER = com.chantal.Checklist;
				PRODUCT_NAME = "$(TARGET_NAME)";
				SWIFT_VERSION = 5.0;
				TARGETED_DEVICE_FAMILY = "1,2";
			};
			name = Release;
		};
/* End XCBuildConfiguration section */

/* Begin XCConfigurationList section */
		97715CBE236FC00100325DEB /* Build configuration list for PBXProject "Checklist" */ = {
			isa = XCConfigurationList;
			buildConfigurations = (
				97715CD5236FC00300325DEB /* Debug */,
				97715CD6236FC00300325DEB /* Release */,
			);
			defaultConfigurationIsVisible = 0;
			defaultConfigurationName = Release;
		};
		97715CD7236FC00300325DEB /* Build configuration list for PBXNativeTarget "Checklist" */ = {
			isa = XCConfigurationList;
			buildConfigurations = (
				97715CD8236FC00300325DEB /* Debug */,
				97715CD9236FC00300325DEB /* Release */,
			);
			defaultConfigurationIsVisible = 0;
			defaultConfigurationName = Release;
		};
/* End XCConfigurationList section */
	};
	rootObject = 97715CBB236FC00100325DEB /* Project object */;
}
